
Microsoft Visual Studio Solution File, Format Version 12.00
# Visual Studio Version 17
VisualStudioVersion = 17.11.35303.130
MinimumVisualStudioVersion = 10.0.40219.1
Project("{FAE04EC0-301F-11D3-BF4B-00C04F79EFBC}") = "BlazorTutorial", "BlazorTutorial.csproj", "{14558803-DB9F-4206-8620-780B65C9F19F}"
EndProject
Global
	GlobalSection(SolutionConfigurationPlatforms) = preSolution
		Debug|Any CPU = Debug|Any CPU
		Release|Any CPU = Release|Any CPU
	EndGlobalSection
	GlobalSection(ProjectConfigurationPlatforms) = postSolution
		{14558803-DB9F-4206-8620-780B65C9F19F}.Debug|Any CPU.ActiveCfg = Debug|Any CPU
		{14558803-DB9F-4206-8620-780B65C9F19F}.Debug|Any CPU.Build.0 = Debug|Any CPU
		{14558803-DB9F-4206-8620-780B65C9F19F}.Release|Any CPU.ActiveCfg = Release|Any CPU
		{14558803-DB9F-4206-8620-780B65C9F19F}.Release|Any CPU.Build.0 = Release|Any CPU
	EndGlobalSection
	GlobalSection(SolutionProperties) = preSolution
		HideSolutionNode = FALSE
	EndGlobalSection
	GlobalSection(ExtensibilityGlobals) = postSolution
		SolutionGuid = {9343E422-C574-4EB6-8091-E0115A6F99E2}
	EndGlobalSection
EndGlobal
